golang.org/x/net v0.39.0 h1:ZCu7HMWDxpXpaiKdhzIfaltL9Lp31x/3fCP11bc6/fY=
golang.org/x/net v0.39.0/go.mod h1:X7NRbYVEA+ewNkCNyJ513WmMdQ3BineSwVtN2zD/d+E=
golang.org/x/text v0.24.0 h1:dd5Bzh4yt5KYA8f9CJHCP4FB4D51c2c6JvN37xJJkJ0=
golang.org/x/text v0.24.0/go.mod h1:L8rBsPeo2pSS+xqN0d5u2ikmjtmoJbDBT1b7nHvFCdU=
launchpad.net/gocheck v0.0.0-20140225173054-000000000087 h1:Izowp2XBH6Ya6rv+hqbceQyw/gSGoXfH/UPoTGduL54=
launchpad.net/gocheck v0.0.0-20140225173054-000000000087/go.mod h1:hj7XX3B/0A+80Vse0e+BUHsHMTEhd0O4cpUHr/e/BUM=
launchpad.net/xmlpath v0.0.0-20130614043138-000000000004 h1:B8nNZBUrx8YufDCAJjvO/lVs4GxXMQHyrjwJdJzXMFg=
launchpad.net/xmlpath v0.0.0-20130614043138-000000000004/go.mod h1:vqyExLOM3qBx7mvYRkoxjSCF945s0mbe7YynlKYXtsA=
